
Microsoft Visual Studio Solution File, Format Version 12.00
# Visual Studio Version 17
VisualStudioVersion = 17.8.34330.188
MinimumVisualStudioVersion = 10.0.40219.1
Project("{FAE04EC0-301F-11D3-BF4B-00C04F79EFBC}") = "MyType", "MyType\MyType.csproj", "{E3B71090-FD91-46A0-BEFB-CD0FD85FB5F7}"
EndProject
Global
	GlobalSection(SolutionConfigurationPlatforms) = preSolution
		Debug|Any CPU = Debug|Any CPU
		Release|Any CPU = Release|Any CPU
	EndGlobalSection
	GlobalSection(ProjectConfigurationPlatforms) = postSolution
		{E3B71090-FD91-46A0-BEFB-CD0FD85FB5F7}.Debug|Any CPU.ActiveCfg = Debug|Any CPU
		{E3B71090-FD91-46A0-BEFB-CD0FD85FB5F7}.Debug|Any CPU.Build.0 = Debug|Any CPU
		{E3B71090-FD91-46A0-BEFB-CD0FD85FB5F7}.Release|Any CPU.ActiveCfg = Release|Any CPU
		{E3B71090-FD91-46A0-BEFB-CD0FD85FB5F7}.Release|Any CPU.Build.0 = Release|Any CPU
	EndGlobalSection
	GlobalSection(SolutionProperties) = preSolution
		HideSolutionNode = FALSE
	EndGlobalSection
	GlobalSection(ExtensibilityGlobals) = postSolution
		SolutionGuid = {1ACD3F5D-F78F-40DC-BEF9-CEF0C114FCA2}
	EndGlobalSection
EndGlobal
